
Microsoft Visual Studio Solution File, Format Version 12.00
# Visual Studio Version 16
VisualStudioVersion = 16.0.30517.126
MinimumVisualStudioVersion = 10.0.40219.1
Project("{FAE04EC0-301F-11D3-BF4B-00C04F79EFBC}") = "BookListRazorApp", "BookListRazorApp\BookListRazorApp.csproj", "{D0DDB27B-887A-4BC7-85B4-80D9CA59900E}"
EndProject
Global
	GlobalSection(SolutionConfigurationPlatforms) = preSolution
		Debug|Any CPU = Debug|Any CPU
		Release|Any CPU = Release|Any CPU
	EndGlobalSection
	GlobalSection(ProjectConfigurationPlatforms) = postSolution
		{D0DDB27B-887A-4BC7-85B4-80D9CA59900E}.Debug|Any CPU.ActiveCfg = Debug|Any CPU
		{D0DDB27B-887A-4BC7-85B4-80D9CA59900E}.Debug|Any CPU.Build.0 = Debug|Any CPU
		{D0DDB27B-887A-4BC7-85B4-80D9CA59900E}.Release|Any CPU.ActiveCfg = Release|Any CPU
		{D0DDB27B-887A-4BC7-85B4-80D9CA59900E}.Release|Any CPU.Build.0 = Release|Any CPU
	EndGlobalSection
	GlobalSection(SolutionProperties) = preSolution
		HideSolutionNode = FALSE
	EndGlobalSection
	GlobalSection(ExtensibilityGlobals) = postSolution
		SolutionGuid = {BD425D77-007A-4306-B2FB-B9D75C71612C}
	EndGlobalSection
EndGlobal
